// !$*UTF8*$!
{
	archiveVersion = 1;
	classes = {
	};
	objectVersion = 46;
	objects = {

/* Begin PBXBuildFile section */
		A6D4F1981898EE470083EC74 /* Foundation.framework in Frameworks */ = {isa = PBXBuildFile; fileRef = A6D4F1971898EE470083EC74 /* Foundation.framework */; };
		A6D4F19A1898EE470083EC74 /* CoreGraphics.framework in Frameworks */ = {isa = PBXBuildFile; fileRef = A6D4F1991898EE470083EC74 /* CoreGraphics.framework */; };
		A6D4F19C1898EE470083EC74 /* UIKit.framework in Frameworks */ = {isa = PBXBuildFile; fileRef = A6D4F19B1898EE470083EC74 /* UIKit.framework */; };
		A6D4F1A21898EE470083EC74 /* InfoPlist.strings in Resources */ = {isa = PBXBuildFile; fileRef = A6D4F1A01898EE470083EC74 /* InfoPlist.strings */; };
		A6D4F1A41898EE470083EC74 /* main.m in Sources */ = {isa = PBXBuildFile; fileRef = A6D4F1A31898EE470083EC74 /* main.m */; };
		A6D4F1A81898EE470083EC74 /* KXAppDelegate.m in Sources */ = {isa = PBXBuildFile; fileRef = A6D4F1A71898EE470083EC74 /* KXAppDelegate.m */; };
		A6D4F1AB1898EE470083EC74 /* Main.storyboard in Resources */ = {isa = PBXBuildFile; fileRef = A6D4F1A91898EE470083EC74 /* Main.storyboard */; };
		A6D4F1AE1898EE470083EC74 /* KXMasterViewController.m in Sources */ = {isa = PBXBuildFile; fileRef = A6D4F1AD1898EE470083EC74 /* KXMasterViewController.m */; };
		A6D4F1B11898EE470083EC74 /* KXDetailViewController.m in Sources */ = {isa = PBXBuildFile; fileRef = A6D4F1B01898EE470083EC74 /* KXDetailViewController.m */; };
		A6D4F1B31898EE470083EC74 /* Images.xcassets in Resources */ = {isa = PBXBuildFile; fileRef = A6D4F1B21898EE470083EC74 /* Images.xcassets */; };
		A6D4F1BA1898EE470083EC74 /* XCTest.framework in Frameworks */ = {isa = PBXBuildFile; fileRef = A6D4F1B91898EE470083EC74 /* XCTest.framework */; };
		A6D4F1BB1898EE470083EC74 /* Foundation.framework in Frameworks */ = {isa = PBXBuildFile; fileRef = A6D4F1971898EE470083EC74 /* Foundation.framework */; };
		A6D4F1BC1898EE470083EC74 /* UIKit.framework in Frameworks */ = {isa = PBXBuildFile; fileRef = A6D4F19B1898EE470083EC74 /* UIKit.framework */; };
		A6D4F1C41898EE470083EC74 /* InfoPlist.strings in Resources */ = {isa = PBXBuildFile; fileRef = A6D4F1C21898EE470083EC74 /* InfoPlist.strings */; };
		A6D4F1C61898EE470083EC74 /* KXSharedSpaceTests.m in Sources */ = {isa = PBXBuildFile; fileRef = A6D4F1C51898EE470083EC74 /* KXSharedSpaceTests.m */; };
		A6D4F1D6189902EE0083EC74 /* KXSharedSpace.m in Sources */ = {isa = PBXBuildFile; fileRef = A6D4F1D5189902EE0083EC74 /* KXSharedSpace.m */; };
/* End PBXBuildFile section */

/* Begin PBXContainerItemProxy section */
		A6D4F1BD1898EE470083EC74 /* PBXContainerItemProxy */ = {
			isa = PBXContainerItemProxy;
			containerPortal = A6D4F18C1898EE470083EC74 /* Project object */;
			proxyType = 1;
			remoteGlobalIDString = A6D4F1931898EE470083EC74;
			remoteInfo = KXSharedSpace;
		};
/* End PBXContainerItemProxy section */

/* Begin PBXFileReference section */
		A6D4F1941898EE470083EC74 /* KXSharedSpace.app */ = {isa = PBXFileReference; explicitFileType = wrapper.application; includeInIndex = 0; path = KXSharedSpace.app; sourceTree = BUILT_PRODUCTS_DIR; };
		A6D4F1971898EE470083EC74 /* Foundation.framework */ = {isa = PBXFileReference; lastKnownFileType = wrapper.framework; name = Foundation.framework; path = System/Library/Frameworks/Foundation.framework; sourceTree = SDKROOT; };
		A6D4F1991898EE470083EC74 /* CoreGraphics.framework */ = {isa = PBXFileReference; lastKnownFileType = wrapper.framework; name = CoreGraphics.framework; path = System/Library/Frameworks/CoreGraphics.framework; sourceTree = SDKROOT; };
		A6D4F19B1898EE470083EC74 /* UIKit.framework */ = {isa = PBXFileReference; lastKnownFileType = wrapper.framework; name = UIKit.framework; path = System/Library/Frameworks/UIKit.framework; sourceTree = SDKROOT; };
		A6D4F19F1898EE470083EC74 /* KXSharedSpace-Info.plist */ = {isa = PBXFileReference; lastKnownFileType = text.plist.xml; path = "KXSharedSpace-Info.plist"; sourceTree = "<group>"; };
		A6D4F1A11898EE470083EC74 /* en */ = {isa = PBXFileReference; lastKnownFileType = text.plist.strings; name = en; path = en.lproj/InfoPlist.strings; sourceTree = "<group>"; };
		A6D4F1A31898EE470083EC74 /* main.m */ = {isa = PBXFileReference; lastKnownFileType = sourcecode.c.objc; path = main.m; sourceTree = "<group>"; };
		A6D4F1A51898EE470083EC74 /* KXSharedSpace-Prefix.pch */ = {isa = PBXFileReference; lastKnownFileType = sourcecode.c.h; path = "KXSharedSpace-Prefix.pch"; sourceTree = "<group>"; };
		A6D4F1A61898EE470083EC74 /* KXAppDelegate.h */ = {isa = PBXFileReference; lastKnownFileType = sourcecode.c.h; path = KXAppDelegate.h; sourceTree = "<group>"; };
		A6D4F1A71898EE470083EC74 /* KXAppDelegate.m */ = {isa = PBXFileReference; lastKnownFileType = sourcecode.c.objc; path = KXAppDelegate.m; sourceTree = "<group>"; };
		A6D4F1AA1898EE470083EC74 /* Base */ = {isa = PBXFileReference; lastKnownFileType = file.storyboard; name = Base; path = Base.lproj/Main.storyboard; sourceTree = "<group>"; };
		A6D4F1AC1898EE470083EC74 /* KXMasterViewController.h */ = {isa = PBXFileReference; lastKnownFileType = sourcecode.c.h; path = KXMasterViewController.h; sourceTree = "<group>"; };
		A6D4F1AD1898EE470083EC74 /* KXMasterViewController.m */ = {isa = PBXFileReference; lastKnownFileType = sourcecode.c.objc; path = KXMasterViewController.m; sourceTree = "<group>"; };
		A6D4F1AF1898EE470083EC74 /* KXDetailViewController.h */ = {isa = PBXFileReference; lastKnownFileType = sourcecode.c.h; path = KXDetailViewController.h; sourceTree = "<group>"; };
		A6D4F1B01898EE470083EC74 /* KXDetailViewController.m */ = {isa = PBXFileReference; lastKnownFileType = sourcecode.c.objc; path = KXDetailViewController.m; sourceTree = "<group>"; };
		A6D4F1B21898EE470083EC74 /* Images.xcassets */ = {isa = PBXFileReference; lastKnownFileType = folder.assetcatalog; path = Images.xcassets; sourceTree = "<group>"; };
		A6D4F1B81898EE470083EC74 /* KXSharedSpaceTests.xctest */ = {isa = PBXFileReference; explicitFileType = wrapper.cfbundle; includeInIndex = 0; path = KXSharedSpaceTests.xctest; sourceTree = BUILT_PRODUCTS_DIR; };
		A6D4F1B91898EE470083EC74 /* XCTest.framework */ = {isa = PBXFileReference; lastKnownFileType = wrapper.framework; name = XCTest.framework; path = Library/Frameworks/XCTest.framework; sourceTree = DEVELOPER_DIR; };
		A6D4F1C11898EE470083EC74 /* KXSharedSpaceTests-Info.plist */ = {isa = PBXFileReference; lastKnownFileType = text.plist.xml; path = "KXSharedSpaceTests-Info.plist"; sourceTree = "<group>"; };
		A6D4F1C31898EE470083EC74 /* en */ = {isa = PBXFileReference; lastKnownFileType = text.plist.strings; name = en; path = en.lproj/InfoPlist.strings; sourceTree = "<group>"; };
		A6D4F1C51898EE470083EC74 /* KXSharedSpaceTests.m */ = {isa = PBXFileReference; lastKnownFileType = sourcecode.c.objc; path = KXSharedSpaceTests.m; sourceTree = "<group>"; };
		A6D4F1D4189902EE0083EC74 /* KXSharedSpace.h */ = {isa = PBXFileReference; fileEncoding = 4; lastKnownFileType = sourcecode.c.h; path = KXSharedSpace.h; sourceTree = "<group>"; };
		A6D4F1D5189902EE0083EC74 /* KXSharedSpace.m */ = {isa = PBXFileReference; fileEncoding = 4; lastKnownFileType = sourcecode.c.objc; path = KXSharedSpace.m; sourceTree = "<group>"; };
/* End PBXFileReference section */

/* Begin PBXFrameworksBuildPhase section */
		A6D4F1911898EE470083EC74 /* Frameworks */ = {
			isa = PBXFrameworksBuildPhase;
			buildActionMask = 2147483647;
			files = (
				A6D4F19A1898EE470083EC74 /* CoreGraphics.framework in Frameworks */,
				A6D4F19C1898EE470083EC74 /* UIKit.framework in Frameworks */,
				A6D4F1981898EE470083EC74 /* Foundation.framework in Frameworks */,
			);
			runOnlyForDeploymentPostprocessing = 0;
		};
		A6D4F1B51898EE470083EC74 /* Frameworks */ = {
			isa = PBXFrameworksBuildPhase;
			buildActionMask = 2147483647;
			files = (
				A6D4F1BA1898EE470083EC74 /* XCTest.framework in Frameworks */,
				A6D4F1BC1898EE470083EC74 /* UIKit.framework in Frameworks */,
				A6D4F1BB1898EE470083EC74 /* Foundation.framework in Frameworks */,
			);
			runOnlyForDeploymentPostprocessing = 0;
		};
/* End PBXFrameworksBuildPhase section */

/* Begin PBXGroup section */
		A6D4F18B1898EE470083EC74 = {
			isa = PBXGroup;
			children = (
				A6D4F1D3189902EE0083EC74 /* Classes */,
				A6D4F19D1898EE470083EC74 /* KXSharedSpace */,
				A6D4F1BF1898EE470083EC74 /* KXSharedSpaceTests */,
				A6D4F1961898EE470083EC74 /* Frameworks */,
				A6D4F1951898EE470083EC74 /* Products */,
			);
			sourceTree = "<group>";
		};
		A6D4F1951898EE470083EC74 /* Products */ = {
			isa = PBXGroup;
			children = (
				A6D4F1941898EE470083EC74 /* KXSharedSpace.app */,
				A6D4F1B81898EE470083EC74 /* KXSharedSpaceTests.xctest */,
			);
			name = Products;
			sourceTree = "<group>";
		};
		A6D4F1961898EE470083EC74 /* Frameworks */ = {
			isa = PBXGroup;
			children = (
				A6D4F1971898EE470083EC74 /* Foundation.framework */,
				A6D4F1991898EE470083EC74 /* CoreGraphics.framework */,
				A6D4F19B1898EE470083EC74 /* UIKit.framework */,
				A6D4F1B91898EE470083EC74 /* XCTest.framework */,
			);
			name = Frameworks;
			sourceTree = "<group>";
		};
		A6D4F19D1898EE470083EC74 /* KXSharedSpace */ = {
			isa = PBXGroup;
			children = (
				A6D4F1A61898EE470083EC74 /* KXAppDelegate.h */,
				A6D4F1A71898EE470083EC74 /* KXAppDelegate.m */,
				A6D4F1A91898EE470083EC74 /* Main.storyboard */,
				A6D4F1AC1898EE470083EC74 /* KXMasterViewController.h */,
				A6D4F1AD1898EE470083EC74 /* KXMasterViewController.m */,
				A6D4F1AF1898EE470083EC74 /* KXDetailViewController.h */,
				A6D4F1B01898EE470083EC74 /* KXDetailViewController.m */,
				A6D4F1B21898EE470083EC74 /* Images.xcassets */,
				A6D4F19E1898EE470083EC74 /* Supporting Files */,
			);
			path = KXSharedSpace;
			sourceTree = "<group>";
		};
		A6D4F19E1898EE470083EC74 /* Supporting Files */ = {
			isa = PBXGroup;
			children = (
				A6D4F19F1898EE470083EC74 /* KXSharedSpace-Info.plist */,
				A6D4F1A01898EE470083EC74 /* InfoPlist.strings */,
				A6D4F1A31898EE470083EC74 /* main.m */,
				A6D4F1A51898EE470083EC74 /* KXSharedSpace-Prefix.pch */,
			);
			name = "Supporting Files";
			sourceTree = "<group>";
		};
		A6D4F1BF1898EE470083EC74 /* KXSharedSpaceTests */ = {
			isa = PBXGroup;
			children = (
				A6D4F1C51898EE470083EC74 /* KXSharedSpaceTests.m */,
				A6D4F1C01898EE470083EC74 /* Supporting Files */,
			);
			path = KXSharedSpaceTests;
			sourceTree = "<group>";
		};
		A6D4F1C01898EE470083EC74 /* Supporting Files */ = {
			isa = PBXGroup;
			children = (
				A6D4F1C11898EE470083EC74 /* KXSharedSpaceTests-Info.plist */,
				A6D4F1C21898EE470083EC74 /* InfoPlist.strings */,
			);
			name = "Supporting Files";
			sourceTree = "<group>";
		};
		A6D4F1D3189902EE0083EC74 /* Classes */ = {
			isa = PBXGroup;
			children = (
				A6D4F1D4189902EE0083EC74 /* KXSharedSpace.h */,
				A6D4F1D5189902EE0083EC74 /* KXSharedSpace.m */,
			);
			path = Classes;
			sourceTree = "<group>";
		};
/* End PBXGroup section */

/* Begin PBXNativeTarget section */
		A6D4F1931898EE470083EC74 /* KXSharedSpace */ = {
			isa = PBXNativeTarget;
			buildConfigurationList = A6D4F1C91898EE470083EC74 /* Build configuration list for PBXNativeTarget "KXSharedSpace" */;
			buildPhases = (
				A6D4F1901898EE470083EC74 /* Sources */,
				A6D4F1911898EE470083EC74 /* Frameworks */,
				A6D4F1921898EE470083EC74 /* Resources */,
			);
			buildRules = (
			);
			dependencies = (
			);
			name = KXSharedSpace;
			productName = KXSharedSpace;
			productReference = A6D4F1941898EE470083EC74 /* KXSharedSpace.app */;
			productType = "com.apple.product-type.application";
		};
		A6D4F1B71898EE470083EC74 /* KXSharedSpaceTests */ = {
			isa = PBXNativeTarget;
			buildConfigurationList = A6D4F1CC1898EE470083EC74 /* Build configuration list for PBXNativeTarget "KXSharedSpaceTests" */;
			buildPhases = (
				A6D4F1B41898EE470083EC74 /* Sources */,
				A6D4F1B51898EE470083EC74 /* Frameworks */,
				A6D4F1B61898EE470083EC74 /* Resources */,
			);
			buildRules = (
			);
			dependencies = (
				A6D4F1BE1898EE470083EC74 /* PBXTargetDependency */,
			);
			name = KXSharedSpaceTests;
			productName = KXSharedSpaceTests;
			productReference = A6D4F1B81898EE470083EC74 /* KXSharedSpaceTests.xctest */;
			productType = "com.apple.product-type.bundle.unit-test";
		};
/* End PBXNativeTarget section */

/* Begin PBXProject section */
		A6D4F18C1898EE470083EC74 /* Project object */ = {
			isa = PBXProject;
			attributes = {
				CLASSPREFIX = KX;
				LastUpgradeCheck = 0500;
				ORGANIZATIONNAME = "Yusuke Sakurai";
				TargetAttributes = {
					A6D4F1B71898EE470083EC74 = {
						TestTargetID = A6D4F1931898EE470083EC74;
					};
				};
			};
			buildConfigurationList = A6D4F18F1898EE470083EC74 /* Build configuration list for PBXProject "KXSharedSpace" */;
			compatibilityVersion = "Xcode 3.2";
			developmentRegion = English;
			hasScannedForEncodings = 0;
			knownRegions = (
				en,
				Base,
			);
			mainGroup = A6D4F18B1898EE470083EC74;
			productRefGroup = A6D4F1951898EE470083EC74 /* Products */;
			projectDirPath = "";
			projectRoot = "";
			targets = (
				A6D4F1931898EE470083EC74 /* KXSharedSpace */,
				A6D4F1B71898EE470083EC74 /* KXSharedSpaceTests */,
			);
		};
/* End PBXProject section */

/* Begin PBXResourcesBuildPhase section */
		A6D4F1921898EE470083EC74 /* Resources */ = {
			isa = PBXResourcesBuildPhase;
			buildActionMask = 2147483647;
			files = (
				A6D4F1B31898EE470083EC74 /* Images.xcassets in Resources */,
				A6D4F1A21898EE470083EC74 /* InfoPlist.strings in Resources */,
				A6D4F1AB1898EE470083EC74 /* Main.storyboard in Resources */,
			);
			runOnlyForDeploymentPostprocessing = 0;
		};
		A6D4F1B61898EE470083EC74 /* Resources */ = {
			isa = PBXResourcesBuildPhase;
			buildActionMask = 2147483647;
			files = (
				A6D4F1C41898EE470083EC74 /* InfoPlist.strings in Resources */,
			);
			runOnlyForDeploymentPostprocessing = 0;
		};
/* End PBXResourcesBuildPhase section */

/* Begin PBXSourcesBuildPhase section */
		A6D4F1901898EE470083EC74 /* Sources */ = {
			isa = PBXSourcesBuildPhase;
			buildActionMask = 2147483647;
			files = (
				A6D4F1D6189902EE0083EC74 /* KXSharedSpace.m in Sources */,
				A6D4F1B11898EE470083EC74 /* KXDetailViewController.m in Sources */,
				A6D4F1A41898EE470083EC74 /* main.m in Sources */,
				A6D4F1A81898EE470083EC74 /* KXAppDelegate.m in Sources */,
				A6D4F1AE1898EE470083EC74 /* KXMasterViewController.m in Sources */,
			);
			runOnlyForDeploymentPostprocessing = 0;
		};
		A6D4F1B41898EE470083EC74 /* Sources */ = {
			isa = PBXSourcesBuildPhase;
			buildActionMask = 2147483647;
			files = (
				A6D4F1C61898EE470083EC74 /* KXSharedSpaceTests.m in Sources */,
			);
			runOnlyForDeploymentPostprocessing = 0;
		};
/* End PBXSourcesBuildPhase section */

/* Begin PBXTargetDependency section */
		A6D4F1BE1898EE470083EC74 /* PBXTargetDependency */ = {
			isa = PBXTargetDependency;
			target = A6D4F1931898EE470083EC74 /* KXSharedSpace */;
			targetProxy = A6D4F1BD1898EE470083EC74 /* PBXContainerItemProxy */;
		};
/* End PBXTargetDependency section */

/* Begin PBXVariantGroup section */
		A6D4F1A01898EE470083EC74 /* InfoPlist.strings */ = {
			isa = PBXVariantGroup;
			children = (
				A6D4F1A11898EE470083EC74 /* en */,
			);
			name = InfoPlist.strings;
			sourceTree = "<group>";
		};
		A6D4F1A91898EE470083EC74 /* Main.storyboard */ = {
			isa = PBXVariantGroup;
			children = (
				A6D4F1AA1898EE470083EC74 /* Base */,
			);
			name = Main.storyboard;
			sourceTree = "<group>";
		};
		A6D4F1C21898EE470083EC74 /* InfoPlist.strings */ = {
			isa = PBXVariantGroup;
			children = (
				A6D4F1C31898EE470083EC74 /* en */,
			);
			name = InfoPlist.strings;
			sourceTree = "<group>";
		};
/* End PBXVariantGroup section */

/* Begin XCBuildConfiguration section */
		A6D4F1C71898EE470083EC74 /* Debug */ = {
			isa = XCBuildConfiguration;
			buildSettings = {
				ALWAYS_SEARCH_USER_PATHS = NO;
				ARCHS = "$(ARCHS_STANDARD_INCLUDING_64_BIT)";
				CLANG_CXX_LANGUAGE_STANDARD = "gnu++0x";
				CLANG_CXX_LIBRARY = "libc++";
				CLANG_ENABLE_MODULES = YES;
				CLANG_ENABLE_OBJC_ARC = YES;
				CLANG_WARN_BOOL_CONVERSION = YES;
				CLANG_WARN_CONSTANT_CONVERSION = YES;
				CLANG_WARN_DIRECT_OBJC_ISA_USAGE = YES_ERROR;
				CLANG_WARN_EMPTY_BODY = YES;
				CLANG_WARN_ENUM_CONVERSION = YES;
				CLANG_WARN_INT_CONVERSION = YES;
				CLANG_WARN_OBJC_ROOT_CLASS = YES_ERROR;
				CLANG_WARN__DUPLICATE_METHOD_MATCH = YES;
				"CODE_SIGN_IDENTITY[sdk=iphoneos*]" = "iPhone Developer";
				COPY_PHASE_STRIP = NO;
				GCC_C_LANGUAGE_STANDARD = gnu99;
				GCC_DYNAMIC_NO_PIC = NO;
				GCC_OPTIMIZATION_LEVEL = 0;
				GCC_PREPROCESSOR_DEFINITIONS = (
					"DEBUG=1",
					"$(inherited)",
				);
				GCC_SYMBOLS_PRIVATE_EXTERN = NO;
				GCC_WARN_64_TO_32_BIT_CONVERSION = YES;
				GCC_WARN_ABOUT_RETURN_TYPE = YES_ERROR;
				GCC_WARN_UNDECLARED_SELECTOR = YES;
				GCC_WARN_UNINITIALIZED_AUTOS = YES;
				GCC_WARN_UNUSED_FUNCTION = YES;
				GCC_WARN_UNUSED_VARIABLE = YES;
				IPHONEOS_DEPLOYMENT_TARGET = 7.0;
				ONLY_ACTIVE_ARCH = YES;
				SDKROOT = iphoneos;
			};
			name = Debug;
		};
		A6D4F1C81898EE470083EC74 /* Release */ = {
			isa = XCBuildConfiguration;
			buildSettings = {
				ALWAYS_SEARCH_USER_PATHS = NO;
				ARCHS = "$(ARCHS_STANDARD_INCLUDING_64_BIT)";
				CLANG_CXX_LANGUAGE_STANDARD = "gnu++0x";
				CLANG_CXX_LIBRARY = "libc++";
				CLANG_ENABLE_MODULES = YES;
				CLANG_ENABLE_OBJC_ARC = YES;
				CLANG_WARN_BOOL_CONVERSION = YES;
				CLANG_WARN_CONSTANT_CONVERSION = YES;
				CLANG_WARN_DIRECT_OBJC_ISA_USAGE = YES_ERROR;
				CLANG_WARN_EMPTY_BODY = YES;
				CLANG_WARN_ENUM_CONVERSION = YES;
				CLANG_WARN_INT_CONVERSION = YES;
				CLANG_WARN_OBJC_ROOT_CLASS = YES_ERROR;
				CLANG_WARN__DUPLICATE_METHOD_MATCH = YES;
				"CODE_SIGN_IDENTITY[sdk=iphoneos*]" = "iPhone Developer";
				COPY_PHASE_STRIP = YES;
				ENABLE_NS_ASSERTIONS = NO;
				GCC_C_LANGUAGE_STANDARD = gnu99;
				GCC_WARN_64_TO_32_BIT_CONVERSION = YES;
				GCC_WARN_ABOUT_RETURN_TYPE = YES_ERROR;
				GCC_WARN_UNDECLARED_SELECTOR = YES;
				GCC_WARN_UNINITIALIZED_AUTOS = YES;
				GCC_WARN_UNUSED_FUNCTION = YES;
				GCC_WARN_UNUSED_VARIABLE = YES;
				IPHONEOS_DEPLOYMENT_TARGET = 7.0;
				SDKROOT = iphoneos;
				VALIDATE_PRODUCT = YES;
			};
			name = Release;
		};
		A6D4F1CA1898EE470083EC74 /* Debug */ = {
			isa = XCBuildConfiguration;
			buildSettings = {
				ASSETCATALOG_COMPILER_APPICON_NAME = AppIcon;
				ASSETCATALOG_COMPILER_LAUNCHIMAGE_NAME = LaunchImage;
				GCC_PRECOMPILE_PREFIX_HEADER = YES;
				GCC_PREFIX_HEADER = "KXSharedSpace/KXSharedSpace-Prefix.pch";
				INFOPLIST_FILE = "KXSharedSpace/KXSharedSpace-Info.plist";
				PRODUCT_NAME = "$(TARGET_NAME)";
				WRAPPER_EXTENSION = app;
			};
			name = Debug;
		};
		A6D4F1CB1898EE470083EC74 /* Release */ = {
			isa = XCBuildConfiguration;
			buildSettings = {
				ASSETCATALOG_COMPILER_APPICON_NAME = AppIcon;
				ASSETCATALOG_COMPILER_LAUNCHIMAGE_NAME = LaunchImage;
				GCC_PRECOMPILE_PREFIX_HEADER = YES;
				GCC_PREFIX_HEADER = "KXSharedSpace/KXSharedSpace-Prefix.pch";
				INFOPLIST_FILE = "KXSharedSpace/KXSharedSpace-Info.plist";
				PRODUCT_NAME = "$(TARGET_NAME)";
				WRAPPER_EXTENSION = app;
			};
			name = Release;
		};
		A6D4F1CD1898EE470083EC74 /* Debug */ = {
			isa = XCBuildConfiguration;
			buildSettings = {
				ARCHS = "$(ARCHS_STANDARD_INCLUDING_64_BIT)";
				BUNDLE_LOADER = "$(BUILT_PRODUCTS_DIR)/KXSharedSpace.app/KXSharedSpace";
				FRAMEWORK_SEARCH_PATHS = (
					"$(SDKROOT)/Developer/Library/Frameworks",
					"$(inherited)",
					"$(DEVELOPER_FRAMEWORKS_DIR)",
				);
				GCC_PRECOMPILE_PREFIX_HEADER = YES;
				GCC_PREFIX_HEADER = "KXSharedSpace/KXSharedSpace-Prefix.pch";
				GCC_PREPROCESSOR_DEFINITIONS = (
					"DEBUG=1",
					"$(inherited)",
				);
				INFOPLIST_FILE = "KXSharedSpaceTests/KXSharedSpaceTests-Info.plist";
				PRODUCT_NAME = "$(TARGET_NAME)";
				TEST_HOST = "$(BUNDLE_LOADER)";
				WRAPPER_EXTENSION = xctest;
			};
			name = Debug;
		};
		A6D4F1CE1898EE470083EC74 /* Release */ = {
			isa = XCBuildConfiguration;
			buildSettings = {
				ARCHS = "$(ARCHS_STANDARD_INCLUDING_64_BIT)";
				BUNDLE_LOADER = "$(BUILT_PRODUCTS_DIR)/KXSharedSpace.app/KXSharedSpace";
				FRAMEWORK_SEARCH_PATHS = (
					"$(SDKROOT)/Developer/Library/Frameworks",
					"$(inherited)",
					"$(DEVELOPER_FRAMEWORKS_DIR)",
				);
				GCC_PRECOMPILE_PREFIX_HEADER = YES;
				GCC_PREFIX_HEADER = "KXSharedSpace/KXSharedSpace-Prefix.pch";
				INFOPLIST_FILE = "KXSharedSpaceTests/KXSharedSpaceTests-Info.plist";
				PRODUCT_NAME = "$(TARGET_NAME)";
				TEST_HOST = "$(BUNDLE_LOADER)";
				WRAPPER_EXTENSION = xctest;
			};
			name = Release;
		};
/* End XCBuildConfiguration section */

/* Begin XCConfigurationList section */
		A6D4F18F1898EE470083EC74 /* Build configuration list for PBXProject "KXSharedSpace" */ = {
			isa = XCConfigurationList;
			buildConfigurations = (
				A6D4F1C71898EE470083EC74 /* Debug */,
				A6D4F1C81898EE470083EC74 /* Release */,
			);
			defaultConfigurationIsVisible = 0;
			defaultConfigurationName = Release;
		};
		A6D4F1C91898EE470083EC74 /* Build configuration list for PBXNativeTarget "KXSharedSpace" */ = {
			isa = XCConfigurationList;
			buildConfigurations = (
				A6D4F1CA1898EE470083EC74 /* Debug */,
				A6D4F1CB1898EE470083EC74 /* Release */,
			);
			defaultConfigurationIsVisible = 0;
		};
		A6D4F1CC1898EE470083EC74 /* Build configuration list for PBXNativeTarget "KXSharedSpaceTests" */ = {
			isa = XCConfigurationList;
			buildConfigurations = (
				A6D4F1CD1898EE470083EC74 /* Debug */,
				A6D4F1CE1898EE470083EC74 /* Release */,
			);
			defaultConfigurationIsVisible = 0;
		};
/* End XCConfigurationList section */
	};
	rootObject = A6D4F18C1898EE470083EC74 /* Project object */;
}
